Microsoft Visual Studio Solution File, Format Version 12.00
# Visual Studio Version 17
VisualStudioVersion = 17.5.2.0
MinimumVisualStudioVersion = 10.0.40219.1
Project("{FAE04EC0-301F-11D3-BF4B-00C04F79EFBC}") = "AutenticacaoApi", "AutenticacaoApi.csproj", "{CF292202-0B4E-5DCC-BC27-1702863B0C2B}"
EndProject
Global
	GlobalSection(SolutionConfigurationPlatforms) = preSolution
		Debug|Any CPU = Debug|Any CPU
		Release|Any CPU = Release|Any CPU
	EndGlobalSection
	GlobalSection(ProjectConfigurationPlatforms) = postSolution
		{CF292202-0B4E-5DCC-BC27-1702863B0C2B}.Debug|Any CPU.ActiveCfg = Debug|Any CPU
		{CF292202-0B4E-5DCC-BC27-1702863B0C2B}.Debug|Any CPU.Build.0 = Debug|Any CPU
		{CF292202-0B4E-5DCC-BC27-1702863B0C2B}.Release|Any CPU.ActiveCfg = Release|Any CPU
		{CF292202-0B4E-5DCC-BC27-1702863B0C2B}.Release|Any CPU.Build.0 = Release|Any CPU
	EndGlobalSection
	GlobalSection(SolutionProperties) = preSolution
		HideSolutionNode = FALSE
	EndGlobalSection
	GlobalSection(ExtensibilityGlobals) = postSolution
		SolutionGuid = {54440781-63E8-49E9-989B-5E227D316844}
	EndGlobalSection
EndGlobal
